
Microsoft Visual Studio Solution File, Format Version 12.00
# Visual Studio Version 17
VisualStudioVersion = 17.1.32228.430
MinimumVisualStudioVersion = 10.0.40219.1
Project("{FAE04EC0-301F-11D3-BF4B-00C04F79EFBC}") = "LASTLABAuuy", "LASTLABAuuy\LASTLABAuuy.csproj", "{E3575834-627C-4723-A81A-93DC4BC79860}"
EndProject
Global
	GlobalSection(SolutionConfigurationPlatforms) = preSolution
		Debug|Any CPU = Debug|Any CPU
		Release|Any CPU = Release|Any CPU
	EndGlobalSection
	GlobalSection(ProjectConfigurationPlatforms) = postSolution
		{E3575834-627C-4723-A81A-93DC4BC79860}.Debug|Any CPU.ActiveCfg = Debug|Any CPU
		{E3575834-627C-4723-A81A-93DC4BC79860}.Debug|Any CPU.Build.0 = Debug|Any CPU
		{E3575834-627C-4723-A81A-93DC4BC79860}.Release|Any CPU.ActiveCfg = Release|Any CPU
		{E3575834-627C-4723-A81A-93DC4BC79860}.Release|Any CPU.Build.0 = Release|Any CPU
	EndGlobalSection
	GlobalSection(SolutionProperties) = preSolution
		HideSolutionNode = FALSE
	EndGlobalSection
	GlobalSection(ExtensibilityGlobals) = postSolution
		SolutionGuid = {9AEA65F8-33B5-4FA7-B513-EC1147D598F6}
	EndGlobalSection
EndGlobal
